
Microsoft Visual Studio Solution File, Format Version 12.00
# Visual Studio 15
VisualStudioVersion = 15.0.27428.1
MinimumVisualStudioVersion = 10.0.40219.1
Project("{FAE04EC0-301F-11D3-BF4B-00C04F79EFBC}") = "StudentRegistraionDemo3", "StudentRegistraionDemo3\StudentRegistraionDemo3.csproj", "{505F4348-0D20-4B4A-A309-6A763E140F73}"
EndProject
Global
	GlobalSection(SolutionConfigurationPlatforms) = preSolution
		Debug|Any CPU = Debug|Any CPU
		Release|Any CPU = Release|Any CPU
	EndGlobalSection
	GlobalSection(ProjectConfigurationPlatforms) = postSolution
		{505F4348-0D20-4B4A-A309-6A763E140F73}.Debug|Any CPU.ActiveCfg = Debug|Any CPU
		{505F4348-0D20-4B4A-A309-6A763E140F73}.Debug|Any CPU.Build.0 = Debug|Any CPU
		{505F4348-0D20-4B4A-A309-6A763E140F73}.Release|Any CPU.ActiveCfg = Release|Any CPU
		{505F4348-0D20-4B4A-A309-6A763E140F73}.Release|Any CPU.Build.0 = Release|Any CPU
	EndGlobalSection
	GlobalSection(SolutionProperties) = preSolution
		HideSolutionNode = FALSE
	EndGlobalSection
	GlobalSection(ExtensibilityGlobals) = postSolution
		SolutionGuid = {57358DB4-C699-49BC-9F47-468C5AA35889}
	EndGlobalSection
EndGlobal
